
Microsoft Visual Studio Solution File, Format Version 12.00
# Visual Studio Version 17
VisualStudioVersion = 17.9.34701.34
MinimumVisualStudioVersion = 10.0.40219.1
Project("{FAE04EC0-301F-11D3-BF4B-00C04F79EFBC}") = "TvcDay04Layout", "TvcDay04Layout.csproj", "{84ACE0DE-628D-4953-9BAD-F5BD9A8913A9}"
EndProject
Global
	GlobalSection(SolutionConfigurationPlatforms) = preSolution
		Debug|Any CPU = Debug|Any CPU
		Release|Any CPU = Release|Any CPU
	EndGlobalSection
	GlobalSection(ProjectConfigurationPlatforms) = postSolution
		{84ACE0DE-628D-4953-9BAD-F5BD9A8913A9}.Debug|Any CPU.ActiveCfg = Debug|Any CPU
		{84ACE0DE-628D-4953-9BAD-F5BD9A8913A9}.Debug|Any CPU.Build.0 = Debug|Any CPU
		{84ACE0DE-628D-4953-9BAD-F5BD9A8913A9}.Release|Any CPU.ActiveCfg = Release|Any CPU
		{84ACE0DE-628D-4953-9BAD-F5BD9A8913A9}.Release|Any CPU.Build.0 = Release|Any CPU
	EndGlobalSection
	GlobalSection(SolutionProperties) = preSolution
		HideSolutionNode = FALSE
	EndGlobalSection
	GlobalSection(ExtensibilityGlobals) = postSolution
		SolutionGuid = {17B1BFF2-61A6-4C14-89CF-5DA4030B4DD8}
	EndGlobalSection
EndGlobal
