
Microsoft Visual Studio Solution File, Format Version 12.00
# Visual Studio Version 17
VisualStudioVersion = 17.9.34701.34
MinimumVisualStudioVersion = 10.0.40219.1
Project("{FAE04EC0-301F-11D3-BF4B-00C04F79EFBC}") = "TvcDay06Annotation", "TvcDay06Annotation.csproj", "{5A722170-96DD-48CC-B9F9-247B4CF85074}"
EndProject
Global
	GlobalSection(SolutionConfigurationPlatforms) = preSolution
		Debug|Any CPU = Debug|Any CPU
		Release|Any CPU = Release|Any CPU
	EndGlobalSection
	GlobalSection(ProjectConfigurationPlatforms) = postSolution
		{5A722170-96DD-48CC-B9F9-247B4CF85074}.Debug|Any CPU.ActiveCfg = Debug|Any CPU
		{5A722170-96DD-48CC-B9F9-247B4CF85074}.Debug|Any CPU.Build.0 = Debug|Any CPU
		{5A722170-96DD-48CC-B9F9-247B4CF85074}.Release|Any CPU.ActiveCfg = Release|Any CPU
		{5A722170-96DD-48CC-B9F9-247B4CF85074}.Release|Any CPU.Build.0 = Release|Any CPU
	EndGlobalSection
	GlobalSection(SolutionProperties) = preSolution
		HideSolutionNode = FALSE
	EndGlobalSection
	GlobalSection(ExtensibilityGlobals) = postSolution
		SolutionGuid = {78D49AFC-51DC-4C31-AF03-B8DE02CFB6C3}
	EndGlobalSection
EndGlobal
